
Microsoft Visual Studio Solution File, Format Version 12.00
Project("{FAE04EC0-301F-11D3-BF4B-00C04F79EFBC}") = "Backend", "Backend\Backend.csproj", "{CBB64BE6-5099-4239-B19C-E65080704992}"
EndProject
Global
	GlobalSection(SolutionConfigurationPlatforms) = preSolution
		Debug|Any CPU = Debug|Any CPU
		Release|Any CPU = Release|Any CPU
	EndGlobalSection
	GlobalSection(ProjectConfigurationPlatforms) = postSolution
		{CBB64BE6-5099-4239-B19C-E65080704992}.Debug|Any CPU.ActiveCfg = Debug|Any CPU
		{CBB64BE6-5099-4239-B19C-E65080704992}.Debug|Any CPU.Build.0 = Debug|Any CPU
		{CBB64BE6-5099-4239-B19C-E65080704992}.Release|Any CPU.ActiveCfg = Release|Any CPU
		{CBB64BE6-5099-4239-B19C-E65080704992}.Release|Any CPU.Build.0 = Release|Any CPU
	EndGlobalSection
EndGlobal
